
Microsoft Visual Studio Solution File, Format Version 12.00
# Visual Studio Version 16
VisualStudioVersion = 16.0.29306.81
MinimumVisualStudioVersion = 10.0.40219.1
Project("{8BC9CEB8-8B4A-11D0-8D11-00A0C91BC942}") = "P05", "P05.vcxproj", "{28E20FD8-62A1-472E-96E6-DFC455486A99}"
EndProject
Global
	GlobalSection(SolutionConfigurationPlatforms) = preSolution
		Debug|x64 = Debug|x64
		Debug|x86 = Debug|x86
		Release|x64 = Release|x64
		Release|x86 = Release|x86
	EndGlobalSection
	GlobalSection(ProjectConfigurationPlatforms) = postSolution
		{28E20FD8-62A1-472E-96E6-DFC455486A99}.Debug|x64.ActiveCfg = Debug|x64
		{28E20FD8-62A1-472E-96E6-DFC455486A99}.Debug|x64.Build.0 = Debug|x64
		{28E20FD8-62A1-472E-96E6-DFC455486A99}.Debug|x86.ActiveCfg = Debug|Win32
		{28E20FD8-62A1-472E-96E6-DFC455486A99}.Debug|x86.Build.0 = Debug|Win32
		{28E20FD8-62A1-472E-96E6-DFC455486A99}.Release|x64.ActiveCfg = Release|x64
		{28E20FD8-62A1-472E-96E6-DFC455486A99}.Release|x64.Build.0 = Release|x64
		{28E20FD8-62A1-472E-96E6-DFC455486A99}.Release|x86.ActiveCfg = Release|Win32
		{28E20FD8-62A1-472E-96E6-DFC455486A99}.Release|x86.Build.0 = Release|Win32
	EndGlobalSection
	GlobalSection(SolutionProperties) = preSolution
		HideSolutionNode = FALSE
	EndGlobalSection
	GlobalSection(ExtensibilityGlobals) = postSolution
		SolutionGuid = {DCCA2374-B02C-4375-85BF-709FF8DAF4B1}
	EndGlobalSection
EndGlobal
